
Microsoft Visual Studio Solution File, Format Version 12.00
# Visual Studio 14
VisualStudioVersion = 14.0.25420.1
MinimumVisualStudioVersion = 10.0.40219.1
Project("{FAE04EC0-301F-11D3-BF4B-00C04F79EFBC}") = "ProcessHookMonitorTester", "ProcessHookMonitorTester\ProcessHookMonitorTester.csproj", "{D7859271-2EA9-421F-9F15-C55FB28CC0F4}"
EndProject
Project("{FAE04EC0-301F-11D3-BF4B-00C04F79EFBC}") = "ProcessHook", "ProcessHook\ProcessHook.csproj", "{258464AB-65B1-48F8-BC2F-00B0499711E2}"
EndProject
Project("{FAE04EC0-301F-11D3-BF4B-00C04F79EFBC}") = "ProcessHookMonitor", "ProcessHookMonitor\ProcessHookMonitor.csproj", "{B8F17A5C-6A53-43AA-BCE2-26DAFEBE6732}"
EndProject
Global
	GlobalSection(SolutionConfigurationPlatforms) = preSolution
		Debug|Any CPU = Debug|Any CPU
		Release|Any CPU = Release|Any CPU
	EndGlobalSection
	GlobalSection(ProjectConfigurationPlatforms) = postSolution
		{D7859271-2EA9-421F-9F15-C55FB28CC0F4}.Debug|Any CPU.ActiveCfg = Debug|Any CPU
		{D7859271-2EA9-421F-9F15-C55FB28CC0F4}.Debug|Any CPU.Build.0 = Debug|Any CPU
		{D7859271-2EA9-421F-9F15-C55FB28CC0F4}.Release|Any CPU.ActiveCfg = Release|Any CPU
		{D7859271-2EA9-421F-9F15-C55FB28CC0F4}.Release|Any CPU.Build.0 = Release|Any CPU
		{258464AB-65B1-48F8-BC2F-00B0499711E2}.Debug|Any CPU.ActiveCfg = Debug|Any CPU
		{258464AB-65B1-48F8-BC2F-00B0499711E2}.Debug|Any CPU.Build.0 = Debug|Any CPU
		{258464AB-65B1-48F8-BC2F-00B0499711E2}.Release|Any CPU.ActiveCfg = Release|Any CPU
		{258464AB-65B1-48F8-BC2F-00B0499711E2}.Release|Any CPU.Build.0 = Release|Any CPU
		{B8F17A5C-6A53-43AA-BCE2-26DAFEBE6732}.Debug|Any CPU.ActiveCfg = Debug|Any CPU
		{B8F17A5C-6A53-43AA-BCE2-26DAFEBE6732}.Debug|Any CPU.Build.0 = Debug|Any CPU
		{B8F17A5C-6A53-43AA-BCE2-26DAFEBE6732}.Release|Any CPU.ActiveCfg = Release|Any CPU
		{B8F17A5C-6A53-43AA-BCE2-26DAFEBE6732}.Release|Any CPU.Build.0 = Release|Any CPU
	EndGlobalSection
	GlobalSection(SolutionProperties) = preSolution
		HideSolutionNode = FALSE
	EndGlobalSection
EndGlobal
