<?xml version="1.0" encoding="utf-8"?>
<Project ToolsVersion="4.0" xmlns="http://schemas.microsoft.com/developer/msbuild/2003">
  <ItemGroup>
    <ClCompile Include="AntiRansomware.cpp" />
    <ClCompile Include="FileSystemHelper.cpp" />
    <ClCompile Include="Honeypot.cpp" />
    <ClCompile Include="HoneypotNameGenerator.cpp" />
    <ClCompile Include="HoneypotsManager.cpp" />
    <ClCompile Include="Logger.cpp" />
    <ClCompile Include="ProcessAnalyzer.cpp" />
    <ClCompile Include="ProcessesMonitor.cpp" />
    <ClCompile Include="ProcessPolicy.cpp" />
    <ClCompile Include="RegistryIO.cpp" />
    <ClCompile Include="stdafx.cpp" />
    <ClCompile Include="HelperFunctions.cpp" />
    <ClCompile Include="ProcessHistory.cpp" />
  </ItemGroup>
  <ItemGroup>
    <ClInclude Include="EventTypes.h" />
    <ClInclude Include="FileSystemHelper.h" />
    <ClInclude Include="Honeypot.h" />
    <ClInclude Include="HoneypotNameGenerator.h" />
    <ClInclude Include="HoneypotsManager.h" />
    <ClInclude Include="Logger.h" />
    <ClInclude Include="ProcessAnalyzer.h" />
    <ClInclude Include="ProcessesMonitor.h" />
    <ClInclude Include="ProcessPolicy.h" />
    <ClInclude Include="RegistryIO.h" />
    <ClInclude Include="resource\resource.h" />
    <ClInclude Include="stdafx.h" />
    <ClInclude Include="targetver.h" />
    <ClInclude Include="HelperFunctions.h" />
    <ClInclude Include="ProcessHistory.h" />
  </ItemGroup>
  <ItemGroup>
    <ResourceCompile Include="resource\listview.rsrc.rc" />
  </ItemGroup>
  <ItemGroup>
    <Xml Include="fileTypes\xml.xml" />
  </ItemGroup>
  <ItemGroup>
    <Media Include="fileTypes\mov.mov" />
    <Media Include="fileTypes\mp3.mp3" />
  </ItemGroup>
  <ItemGroup>
    <Image Include="fileTypes\gif.gif" />
    <Image Include="fileTypes\jpg.jpg" />
    <Image Include="fileTypes\png.png" />
    <Image Include="resource\icon3.ico" />
  </ItemGroup>
  <ItemGroup>
    <None Include="fileTypes\csv.csv" />
    <None Include="fileTypes\doc.doc" />
    <None Include="fileTypes\docx.docx" />
    <None Include="fileTypes\html.html" />
    <None Include="fileTypes\md.md" />
    <None Include="fileTypes\odt.odt" />
    <None Include="fileTypes\opml.opml" />
    <None Include="fileTypes\pdf.pdf" />
    <None Include="fileTypes\ppt.ppt" />
    <None Include="fileTypes\pptx.pptx" />
    <None Include="fileTypes\xls.xls" />
    <None Include="fileTypes\xlsx.xlsx" />
    <None Include="fileTypes\zip.zip" />
  </ItemGroup>
  <ItemGroup>
    <Text Include="fileTypes\txt.txt" />
    <Text Include="ReadMe.txt" />
  </ItemGroup>
</Project>